
Microsoft Visual Studio Solution File, Format Version 12.00
# Visual Studio Version 17
VisualStudioVersion = 17.2.32630.192
MinimumVisualStudioVersion = 10.0.40219.1
Project("{FAE04EC0-301F-11D3-BF4B-00C04F79EFBC}") = "multiply3DimentionalArrays", "multiply3DimentionalArrays\multiply3DimentionalArrays.csproj", "{D7B6CFF0-B2F1-4227-8E01-9BADA126440D}"
EndProject
Global
	GlobalSection(SolutionConfigurationPlatforms) = preSolution
		Debug|Any CPU = Debug|Any CPU
		Release|Any CPU = Release|Any CPU
	EndGlobalSection
	GlobalSection(ProjectConfigurationPlatforms) = postSolution
		{D7B6CFF0-B2F1-4227-8E01-9BADA126440D}.Debug|Any CPU.ActiveCfg = Debug|Any CPU
		{D7B6CFF0-B2F1-4227-8E01-9BADA126440D}.Debug|Any CPU.Build.0 = Debug|Any CPU
		{D7B6CFF0-B2F1-4227-8E01-9BADA126440D}.Release|Any CPU.ActiveCfg = Release|Any CPU
		{D7B6CFF0-B2F1-4227-8E01-9BADA126440D}.Release|Any CPU.Build.0 = Release|Any CPU
	EndGlobalSection
	GlobalSection(SolutionProperties) = preSolution
		HideSolutionNode = FALSE
	EndGlobalSection
	GlobalSection(ExtensibilityGlobals) = postSolution
		SolutionGuid = {7452AB13-6A6B-4425-9F35-2EE78D6C5E20}
	EndGlobalSection
EndGlobal
